
Microsoft Visual Studio Solution File, Format Version 12.00
# Visual Studio Version 17
VisualStudioVersion = 17.11.35208.52
MinimumVisualStudioVersion = 10.0.40219.1
Project("{9A19103F-16F7-4668-BE54-9A1E7A4F7556}") = "Project Euler", "Project Euler\Project Euler.csproj", "{7DE2BCB1-575F-4C7B-AE9B-433BCDE5416B}"
EndProject
Project("{9A19103F-16F7-4668-BE54-9A1E7A4F7556}") = "Problem1", "Problem1\Problem1.csproj", "{579B0342-1BC8-4E57-8994-8F011AD54574}"
EndProject
Project("{9A19103F-16F7-4668-BE54-9A1E7A4F7556}") = "Problem2", "Problem2\Problem2.csproj", "{DDF38D70-871E-4673-9AF7-2E97486AE657}"
EndProject
Project("{9A19103F-16F7-4668-BE54-9A1E7A4F7556}") = "Problem3", "Problem3\Problem3.csproj", "{F544F86A-43C1-4844-8F80-B218D7559B36}"
EndProject
Project("{9A19103F-16F7-4668-BE54-9A1E7A4F7556}") = "Problem4", "Problem4\Problem4.csproj", "{F8398E26-A49F-4E75-84E9-9F42A0EEFFEE}"
EndProject
Project("{9A19103F-16F7-4668-BE54-9A1E7A4F7556}") = "Problem5", "Problem5\Problem5.csproj", "{D930BC9D-6AC7-4998-940A-9EF558207C90}"
EndProject
Project("{9A19103F-16F7-4668-BE54-9A1E7A4F7556}") = "Problem6", "Problem6\Problem6.csproj", "{E2533A64-AF1B-4565-9C22-9355C47683D4}"
EndProject
Project("{9A19103F-16F7-4668-BE54-9A1E7A4F7556}") = "Problem7", "Problem7\Problem7.csproj", "{F9D9A260-1574-4219-8CD5-38263D8BD8F9}"
EndProject
Project("{9A19103F-16F7-4668-BE54-9A1E7A4F7556}") = "Problem8", "Problem8\Problem8.csproj", "{A9E72C43-EFCB-4F13-8E27-95E45A848898}"
EndProject
Project("{9A19103F-16F7-4668-BE54-9A1E7A4F7556}") = "Problem9", "Problem9\Problem9.csproj", "{8EED0964-3390-4CB1-B9CC-9456FCEF9C6A}"
EndProject
Project("{9A19103F-16F7-4668-BE54-9A1E7A4F7556}") = "Problem10", "Problem10\Problem10.csproj", "{04AA67C7-3B95-4CC7-8516-C6561B5614D1}"
EndProject
Project("{9A19103F-16F7-4668-BE54-9A1E7A4F7556}") = "Problem11", "Problem11\Problem11.csproj", "{6151E38F-C01A-49F7-AA70-D4F77A4D7458}"
EndProject
Project("{9A19103F-16F7-4668-BE54-9A1E7A4F7556}") = "Problem12", "Problem12\Problem12.csproj", "{7D41AC26-C5C1-403F-B69E-3E2A59BD7D7E}"
EndProject
Project("{9A19103F-16F7-4668-BE54-9A1E7A4F7556}") = "Problem13", "Problem13\Problem13.csproj", "{7BEBE917-F6BB-43B0-9BC6-8715531EE258}"
EndProject
Project("{9A19103F-16F7-4668-BE54-9A1E7A4F7556}") = "Problem14", "Problem14\Problem14.csproj", "{A9E2250C-19B5-43C3-95A3-C84DBE5C01E8}"
EndProject
Project("{9A19103F-16F7-4668-BE54-9A1E7A4F7556}") = "Problem15", "Problem15\Problem15.csproj", "{167416F1-3779-46B2-88ED-9B6E9FD8D8D9}"
EndProject
Project("{9A19103F-16F7-4668-BE54-9A1E7A4F7556}") = "Problem16", "Problem16\Problem16.csproj", "{E84DD147-DA2D-4663-87E5-116B0DE425C4}"
EndProject
Project("{9A19103F-16F7-4668-BE54-9A1E7A4F7556}") = "Problem17", "Problem17\Problem17.csproj", "{6742B090-9869-4AF7-9F2D-CFCD90E4A092}"
EndProject
Project("{9A19103F-16F7-4668-BE54-9A1E7A4F7556}") = "Problem18", "Problem18\Problem18.csproj", "{351FD751-7CD2-4EE0-80B9-0FB733A26C6C}"
EndProject
Project("{9A19103F-16F7-4668-BE54-9A1E7A4F7556}") = "Problem19", "Problem19\Problem19.csproj", "{27B60C11-8DF9-491F-9428-E6DF948CA98C}"
EndProject
Project("{9A19103F-16F7-4668-BE54-9A1E7A4F7556}") = "Problem20", "Problem20\Problem20.csproj", "{1A880C88-16CB-4C73-BAF1-794814CE136E}"
EndProject
Project("{9A19103F-16F7-4668-BE54-9A1E7A4F7556}") = "Problem21", "Problem21\Problem21.csproj", "{3BA8EFBB-4C18-4588-88DF-1706A0FAA649}"
EndProject
Project("{9A19103F-16F7-4668-BE54-9A1E7A4F7556}") = "Problem22", "Problem22\Problem22.csproj", "{B7B75F86-F992-4298-9DB4-F2445D3FBF1F}"
EndProject
Project("{9A19103F-16F7-4668-BE54-9A1E7A4F7556}") = "Problem23", "Problem23\Problem23.csproj", "{A6546C8D-31F0-4BB8-AA79-31A20489CB0B}"
EndProject
Project("{9A19103F-16F7-4668-BE54-9A1E7A4F7556}") = "Problem24", "Problem24\Problem24.csproj", "{8AB135F3-1592-4D2D-89DE-B2AA057EDB8C}"
EndProject
Project("{9A19103F-16F7-4668-BE54-9A1E7A4F7556}") = "Problem25", "Problem25\Problem25.csproj", "{F60A5927-75EA-4868-978F-FC63BFCFD5BF}"
EndProject
Project("{9A19103F-16F7-4668-BE54-9A1E7A4F7556}") = "Problem26", "Problem26\Problem26.csproj", "{F05C14E2-7B3E-4B36-AB70-8524F3A9E3F6}"
EndProject
Project("{9A19103F-16F7-4668-BE54-9A1E7A4F7556}") = "Problem27", "Problem27\Problem27.csproj", "{C16B2D4F-6546-4B44-948F-47457F9E4AF5}"
EndProject
Project("{9A19103F-16F7-4668-BE54-9A1E7A4F7556}") = "Problem28", "Problem28\Problem28.csproj", "{081578EE-A550-46E4-8D81-342CF5A7802B}"
EndProject
Project("{9A19103F-16F7-4668-BE54-9A1E7A4F7556}") = "Problem29", "Problem29\Problem29.csproj", "{F3CF6F25-D606-4CAB-B7BC-CF7E2B8107A1}"
EndProject
Project("{9A19103F-16F7-4668-BE54-9A1E7A4F7556}") = "Problem30", "Problem30\Problem30.csproj", "{EA4663E3-954E-42C5-8BC0-64313F8F7B8A}"
EndProject
Project("{9A19103F-16F7-4668-BE54-9A1E7A4F7556}") = "Problem31", "Problem31\Problem31.csproj", "{90F4A0C1-997A-4FB4-B584-2C14651C76E8}"
EndProject
Project("{9A19103F-16F7-4668-BE54-9A1E7A4F7556}") = "Problem32", "Problem32\Problem32.csproj", "{75073141-F157-4772-8AEA-3CE291C8C437}"
EndProject
Project("{9A19103F-16F7-4668-BE54-9A1E7A4F7556}") = "Problem33", "Problem33\Problem33.csproj", "{2899BDB6-E9AF-419F-8F1F-236A8420821A}"
EndProject
Project("{9A19103F-16F7-4668-BE54-9A1E7A4F7556}") = "Problem48", "Problem48\Problem48.csproj", "{BFDD6FC5-E1C5-4A63-BD7A-BCCC638B92B8}"
EndProject
Project("{9A19103F-16F7-4668-BE54-9A1E7A4F7556}") = "Problem52", "Problem52\Problem52.csproj", "{4563EF84-28C7-4EA0-AE65-AA866E77C9F8}"
EndProject
Project("{9A19103F-16F7-4668-BE54-9A1E7A4F7556}") = "Problem53", "Problem53\Problem53.csproj", "{114C768E-6B06-4C9A-BD22-15648ED689CD}"
EndProject
Project("{9A19103F-16F7-4668-BE54-9A1E7A4F7556}") = "Problem56", "Problem56\Problem56.csproj", "{083786C2-8530-4DBD-9AB8-F2E76F13F0A7}"
EndProject
Project("{9A19103F-16F7-4668-BE54-9A1E7A4F7556}") = "Problem63", "Problem63\Problem63.csproj", "{8AA692CF-AE04-4DA6-A62F-D68D5D8FCAD8}"
EndProject
Project("{9A19103F-16F7-4668-BE54-9A1E7A4F7556}") = "Problem45", "Problem45\Problem45.csproj", "{37A46D77-511C-4411-A925-350CE7F83962}"
EndProject
Project("{FAE04EC0-301F-11D3-BF4B-00C04F79EFBC}") = "Problem34", "Problem34\Problem34.csproj", "{C8AFA988-DCB4-4D66-B887-74A98FAEE784}"
EndProject
Project("{FAE04EC0-301F-11D3-BF4B-00C04F79EFBC}") = "Problem35", "Problem35\Problem35.csproj", "{606E77DC-64BC-482A-8655-EB399AC5A129}"
EndProject
Project("{FAE04EC0-301F-11D3-BF4B-00C04F79EFBC}") = "Problem36", "Problem36\Problem36.csproj", "{A9B21E57-5A0C-4146-8D4D-8CD620346F60}"
EndProject
Project("{FAE04EC0-301F-11D3-BF4B-00C04F79EFBC}") = "Problem37", "Problem37\Problem37.csproj", "{397F730D-63D0-4EC9-8F93-95884B761EEA}"
EndProject
Project("{FAE04EC0-301F-11D3-BF4B-00C04F79EFBC}") = "Problem38", "Problem38\Problem38.csproj", "{7E9B620F-C190-4118-855C-C8FFF2FE6F04}"
EndProject
Project("{FAE04EC0-301F-11D3-BF4B-00C04F79EFBC}") = "Problem39", "Problem39\Problem39.csproj", "{5430C421-F5B3-4C93-AFAB-72506D83E669}"
EndProject
Project("{FAE04EC0-301F-11D3-BF4B-00C04F79EFBC}") = "Problem40", "Problem40\Problem40.csproj", "{BCE6F8DE-819D-43B2-A5F8-7903AAC1DF04}"
EndProject
Project("{FAE04EC0-301F-11D3-BF4B-00C04F79EFBC}") = "Problem41", "Problem41\Problem41.csproj", "{32089008-D7B1-4578-A04C-75F63AB2CB80}"
EndProject
Project("{FAE04EC0-301F-11D3-BF4B-00C04F79EFBC}") = "Problem42", "Problem42\Problem42.csproj", "{1BC7F48B-717B-4D74-8098-64EDCCEFA5D4}"
EndProject
Project("{FAE04EC0-301F-11D3-BF4B-00C04F79EFBC}") = "Problem43", "Problem43\Problem43.csproj", "{1FE794D6-C879-40EF-B21C-D76E47C9418D}"
EndProject
Project("{FAE04EC0-301F-11D3-BF4B-00C04F79EFBC}") = "Problem44", "Problem44\Problem44.csproj", "{3B8AD85E-104D-4B56-8596-BFE3864B9334}"
EndProject
Project("{FAE04EC0-301F-11D3-BF4B-00C04F79EFBC}") = "Problem46", "Problem46\Problem46.csproj", "{07DABE5E-D0B0-446D-A418-A57EDE6CA960}"
EndProject
Project("{FAE04EC0-301F-11D3-BF4B-00C04F79EFBC}") = "Problem47", "Problem47\Problem47.csproj", "{19FB9E59-5A86-4651-9269-4AC421DBBA4F}"
EndProject
Project("{FAE04EC0-301F-11D3-BF4B-00C04F79EFBC}") = "Problem49", "Problem49\Problem49.csproj", "{D5C279DD-5A23-4127-B11F-F6E351D99CEB}"
EndProject
Project("{FAE04EC0-301F-11D3-BF4B-00C04F79EFBC}") = "Problem50", "Problem50\Problem50.csproj", "{2F6182FF-FD7F-4F3F-ACB1-94D4FC5BA246}"
EndProject
Project("{FAE04EC0-301F-11D3-BF4B-00C04F79EFBC}") = "Problem51", "Problem51\Problem51.csproj", "{51687DC6-A178-4CAC-89E1-A920A8903336}"
EndProject
Project("{FAE04EC0-301F-11D3-BF4B-00C04F79EFBC}") = "Problem55", "Problem55\Problem55.csproj", "{B7720590-B4E7-4590-AB33-D8A463260930}"
EndProject
Project("{FAE04EC0-301F-11D3-BF4B-00C04F79EFBC}") = "Problem72", "Problem72\Problem72.csproj", "{2FB6E78B-0840-4A11-BB8B-3872A7E36CA7}"
EndProject
Project("{FAE04EC0-301F-11D3-BF4B-00C04F79EFBC}") = "Problem76", "Problem76\Problem76.csproj", "{EB9FBAC6-448D-4E42-9075-642AEB0201B0}"
EndProject
Project("{FAE04EC0-301F-11D3-BF4B-00C04F79EFBC}") = "Problem87", "Problem87\Problem87.csproj", "{F8B0768F-A09C-458E-B647-5308DCE0DF90}"
EndProject
Project("{FAE04EC0-301F-11D3-BF4B-00C04F79EFBC}") = "Problem54", "Problem54\Problem54.csproj", "{067BAA7C-0ACA-47C3-A46B-2FE877DF4BB1}"
EndProject
Project("{FAE04EC0-301F-11D3-BF4B-00C04F79EFBC}") = "Problem57", "Problem57\Problem57.csproj", "{8160D38E-F579-49D8-B4B2-9E113CAFD061}"
EndProject
Project("{FAE04EC0-301F-11D3-BF4B-00C04F79EFBC}") = "Problem58", "Problem58\Problem58.csproj", "{1A9D9C07-ABD6-4592-AC6B-57D2BD3A8E98}"
EndProject
Project("{FAE04EC0-301F-11D3-BF4B-00C04F79EFBC}") = "Problem59", "Problem59\Problem59.csproj", "{F5827ED1-3CD5-412D-9A01-1AD3E0E7F7C8}"
EndProject
Project("{FAE04EC0-301F-11D3-BF4B-00C04F79EFBC}") = "Problem60", "Problem60\Problem60.csproj", "{F15A2594-56AD-44B4-BDB5-A09A49D567E1}"
EndProject
Project("{FAE04EC0-301F-11D3-BF4B-00C04F79EFBC}") = "Problem61", "Problem61\Problem61.csproj", "{60A8C5C6-8178-4993-BD67-0C275F7204CE}"
EndProject
Project("{FAE04EC0-301F-11D3-BF4B-00C04F79EFBC}") = "Problem62", "Problem62\Problem62.csproj", "{8330A48D-6825-462D-83E0-F773EFA4542A}"
EndProject
Project("{FAE04EC0-301F-11D3-BF4B-00C04F79EFBC}") = "Problem64", "Problem64\Problem64.csproj", "{D8FFA259-AA61-46D5-850D-8AC1A1967CC5}"
EndProject
Project("{FAE04EC0-301F-11D3-BF4B-00C04F79EFBC}") = "Problem65", "Problem65\Problem65.csproj", "{54FD4156-E9CE-4F70-927C-751B2838B4C7}"
EndProject
Project("{FAE04EC0-301F-11D3-BF4B-00C04F79EFBC}") = "Problem66", "Problem66\Problem66.csproj", "{CB015AC4-2EDA-42F8-94BC-EFCB821D0657}"
EndProject
Project("{FAE04EC0-301F-11D3-BF4B-00C04F79EFBC}") = "Problem67", "Problem67\Problem67.csproj", "{9123B2A7-2371-4760-929A-FFB675B13686}"
EndProject
Project("{FAE04EC0-301F-11D3-BF4B-00C04F79EFBC}") = "Problem70", "Problem70\Problem70.csproj", "{00F153AC-D9F7-486A-B4DF-6940CEAD0021}"
EndProject
Project("{FAE04EC0-301F-11D3-BF4B-00C04F79EFBC}") = "Problem69", "Problem69\Problem69.csproj", "{79F42B58-3C8B-4EB3-8C42-C989146A3FEC}"
EndProject
Project("{FAE04EC0-301F-11D3-BF4B-00C04F79EFBC}") = "Problem80", "Problem80\Problem80.csproj", "{B4535C34-E340-43AE-9E4B-6EC2DBED66EB}"
EndProject
Project("{FAE04EC0-301F-11D3-BF4B-00C04F79EFBC}") = "Problem68", "Problem68\Problem68.csproj", "{E2F784C3-6474-4B23-B195-56942F0EF725}"
EndProject
Project("{FAE04EC0-301F-11D3-BF4B-00C04F79EFBC}") = "Problem71", "Problem71\Problem71.csproj", "{563C0C36-A3B6-4CC1-9C29-889F6E6FA269}"
EndProject
Project("{FAE04EC0-301F-11D3-BF4B-00C04F79EFBC}") = "Problem77", "Problem77\Problem77.csproj", "{16140439-650B-4B89-A7C9-C5934A60CF21}"
EndProject
Project("{FAE04EC0-301F-11D3-BF4B-00C04F79EFBC}") = "Problem78", "Problem78\Problem78.csproj", "{6DCC3878-1A2C-48F9-90EB-703AC0F12CA9}"
EndProject
Global
	GlobalSection(SolutionConfigurationPlatforms) = preSolution
		Debug|Any CPU = Debug|Any CPU
		Release|Any CPU = Release|Any CPU
	EndGlobalSection
	GlobalSection(ProjectConfigurationPlatforms) = postSolution
		{7DE2BCB1-575F-4C7B-AE9B-433BCDE5416B}.Debug|Any CPU.ActiveCfg = Debug|Any CPU
		{7DE2BCB1-575F-4C7B-AE9B-433BCDE5416B}.Debug|Any CPU.Build.0 = Debug|Any CPU
		{7DE2BCB1-575F-4C7B-AE9B-433BCDE5416B}.Release|Any CPU.ActiveCfg = Release|Any CPU
		{7DE2BCB1-575F-4C7B-AE9B-433BCDE5416B}.Release|Any CPU.Build.0 = Release|Any CPU
		{579B0342-1BC8-4E57-8994-8F011AD54574}.Debug|Any CPU.ActiveCfg = Debug|Any CPU
		{579B0342-1BC8-4E57-8994-8F011AD54574}.Debug|Any CPU.Build.0 = Debug|Any CPU
		{579B0342-1BC8-4E57-8994-8F011AD54574}.Release|Any CPU.ActiveCfg = Release|Any CPU
		{579B0342-1BC8-4E57-8994-8F011AD54574}.Release|Any CPU.Build.0 = Release|Any CPU
		{DDF38D70-871E-4673-9AF7-2E97486AE657}.Debug|Any CPU.ActiveCfg = Debug|Any CPU
		{DDF38D70-871E-4673-9AF7-2E97486AE657}.Debug|Any CPU.Build.0 = Debug|Any CPU
		{DDF38D70-871E-4673-9AF7-2E97486AE657}.Release|Any CPU.ActiveCfg = Release|Any CPU
		{DDF38D70-871E-4673-9AF7-2E97486AE657}.Release|Any CPU.Build.0 = Release|Any CPU
		{F544F86A-43C1-4844-8F80-B218D7559B36}.Debug|Any CPU.ActiveCfg = Debug|Any CPU
		{F544F86A-43C1-4844-8F80-B218D7559B36}.Debug|Any CPU.Build.0 = Debug|Any CPU
		{F544F86A-43C1-4844-8F80-B218D7559B36}.Release|Any CPU.ActiveCfg = Release|Any CPU
		{F544F86A-43C1-4844-8F80-B218D7559B36}.Release|Any CPU.Build.0 = Release|Any CPU
		{F8398E26-A49F-4E75-84E9-9F42A0EEFFEE}.Debug|Any CPU.ActiveCfg = Debug|Any CPU
		{F8398E26-A49F-4E75-84E9-9F42A0EEFFEE}.Debug|Any CPU.Build.0 = Debug|Any CPU
		{F8398E26-A49F-4E75-84E9-9F42A0EEFFEE}.Release|Any CPU.ActiveCfg = Release|Any CPU
		{F8398E26-A49F-4E75-84E9-9F42A0EEFFEE}.Release|Any CPU.Build.0 = Release|Any CPU
		{D930BC9D-6AC7-4998-940A-9EF558207C90}.Debug|Any CPU.ActiveCfg = Debug|Any CPU
		{D930BC9D-6AC7-4998-940A-9EF558207C90}.Debug|Any CPU.Build.0 = Debug|Any CPU
		{D930BC9D-6AC7-4998-940A-9EF558207C90}.Release|Any CPU.ActiveCfg = Release|Any CPU
		{D930BC9D-6AC7-4998-940A-9EF558207C90}.Release|Any CPU.Build.0 = Release|Any CPU
		{E2533A64-AF1B-4565-9C22-9355C47683D4}.Debug|Any CPU.ActiveCfg = Debug|Any CPU
		{E2533A64-AF1B-4565-9C22-9355C47683D4}.Debug|Any CPU.Build.0 = Debug|Any CPU
		{E2533A64-AF1B-4565-9C22-9355C47683D4}.Release|Any CPU.ActiveCfg = Release|Any CPU
		{E2533A64-AF1B-4565-9C22-9355C47683D4}.Release|Any CPU.Build.0 = Release|Any CPU
		{F9D9A260-1574-4219-8CD5-38263D8BD8F9}.Debug|Any CPU.ActiveCfg = Debug|Any CPU
		{F9D9A260-1574-4219-8CD5-38263D8BD8F9}.Debug|Any CPU.Build.0 = Debug|Any CPU
		{F9D9A260-1574-4219-8CD5-38263D8BD8F9}.Release|Any CPU.ActiveCfg = Release|Any CPU
		{F9D9A260-1574-4219-8CD5-38263D8BD8F9}.Release|Any CPU.Build.0 = Release|Any CPU
		{A9E72C43-EFCB-4F13-8E27-95E45A848898}.Debug|Any CPU.ActiveCfg = Debug|Any CPU
		{A9E72C43-EFCB-4F13-8E27-95E45A848898}.Debug|Any CPU.Build.0 = Debug|Any CPU
		{A9E72C43-EFCB-4F13-8E27-95E45A848898}.Release|Any CPU.ActiveCfg = Release|Any CPU
		{A9E72C43-EFCB-4F13-8E27-95E45A848898}.Release|Any CPU.Build.0 = Release|Any CPU
		{8EED0964-3390-4CB1-B9CC-9456FCEF9C6A}.Debug|Any CPU.ActiveCfg = Debug|Any CPU
		{8EED0964-3390-4CB1-B9CC-9456FCEF9C6A}.Debug|Any CPU.Build.0 = Debug|Any CPU
		{8EED0964-3390-4CB1-B9CC-9456FCEF9C6A}.Release|Any CPU.ActiveCfg = Release|Any CPU
		{8EED0964-3390-4CB1-B9CC-9456FCEF9C6A}.Release|Any CPU.Build.0 = Release|Any CPU
		{04AA67C7-3B95-4CC7-8516-C6561B5614D1}.Debug|Any CPU.ActiveCfg = Debug|Any CPU
		{04AA67C7-3B95-4CC7-8516-C6561B5614D1}.Debug|Any CPU.Build.0 = Debug|Any CPU
		{04AA67C7-3B95-4CC7-8516-C6561B5614D1}.Release|Any CPU.ActiveCfg = Release|Any CPU
		{04AA67C7-3B95-4CC7-8516-C6561B5614D1}.Release|Any CPU.Build.0 = Release|Any CPU
		{6151E38F-C01A-49F7-AA70-D4F77A4D7458}.Debug|Any CPU.ActiveCfg = Debug|Any CPU
		{6151E38F-C01A-49F7-AA70-D4F77A4D7458}.Debug|Any CPU.Build.0 = Debug|Any CPU
		{6151E38F-C01A-49F7-AA70-D4F77A4D7458}.Release|Any CPU.ActiveCfg = Release|Any CPU
		{6151E38F-C01A-49F7-AA70-D4F77A4D7458}.Release|Any CPU.Build.0 = Release|Any CPU
		{7D41AC26-C5C1-403F-B69E-3E2A59BD7D7E}.Debug|Any CPU.ActiveCfg = Debug|Any CPU
		{7D41AC26-C5C1-403F-B69E-3E2A59BD7D7E}.Debug|Any CPU.Build.0 = Debug|Any CPU
		{7D41AC26-C5C1-403F-B69E-3E2A59BD7D7E}.Release|Any CPU.ActiveCfg = Release|Any CPU
		{7D41AC26-C5C1-403F-B69E-3E2A59BD7D7E}.Release|Any CPU.Build.0 = Release|Any CPU
		{7BEBE917-F6BB-43B0-9BC6-8715531EE258}.Debug|Any CPU.ActiveCfg = Debug|Any CPU
		{7BEBE917-F6BB-43B0-9BC6-8715531EE258}.Debug|Any CPU.Build.0 = Debug|Any CPU
		{7BEBE917-F6BB-43B0-9BC6-8715531EE258}.Release|Any CPU.ActiveCfg = Release|Any CPU
		{7BEBE917-F6BB-43B0-9BC6-8715531EE258}.Release|Any CPU.Build.0 = Release|Any CPU
		{A9E2250C-19B5-43C3-95A3-C84DBE5C01E8}.Debug|Any CPU.ActiveCfg = Debug|Any CPU
		{A9E2250C-19B5-43C3-95A3-C84DBE5C01E8}.Debug|Any CPU.Build.0 = Debug|Any CPU
		{A9E2250C-19B5-43C3-95A3-C84DBE5C01E8}.Release|Any CPU.ActiveCfg = Release|Any CPU
		{A9E2250C-19B5-43C3-95A3-C84DBE5C01E8}.Release|Any CPU.Build.0 = Release|Any CPU
		{167416F1-3779-46B2-88ED-9B6E9FD8D8D9}.Debug|Any CPU.ActiveCfg = Debug|Any CPU
		{167416F1-3779-46B2-88ED-9B6E9FD8D8D9}.Debug|Any CPU.Build.0 = Debug|Any CPU
		{167416F1-3779-46B2-88ED-9B6E9FD8D8D9}.Release|Any CPU.ActiveCfg = Release|Any CPU
		{167416F1-3779-46B2-88ED-9B6E9FD8D8D9}.Release|Any CPU.Build.0 = Release|Any CPU
		{E84DD147-DA2D-4663-87E5-116B0DE425C4}.Debug|Any CPU.ActiveCfg = Debug|Any CPU
		{E84DD147-DA2D-4663-87E5-116B0DE425C4}.Debug|Any CPU.Build.0 = Debug|Any CPU
		{E84DD147-DA2D-4663-87E5-116B0DE425C4}.Release|Any CPU.ActiveCfg = Release|Any CPU
		{E84DD147-DA2D-4663-87E5-116B0DE425C4}.Release|Any CPU.Build.0 = Release|Any CPU
		{6742B090-9869-4AF7-9F2D-CFCD90E4A092}.Debug|Any CPU.ActiveCfg = Debug|Any CPU
		{6742B090-9869-4AF7-9F2D-CFCD90E4A092}.Debug|Any CPU.Build.0 = Debug|Any CPU
		{6742B090-9869-4AF7-9F2D-CFCD90E4A092}.Release|Any CPU.ActiveCfg = Release|Any CPU
		{6742B090-9869-4AF7-9F2D-CFCD90E4A092}.Release|Any CPU.Build.0 = Release|Any CPU
		{351FD751-7CD2-4EE0-80B9-0FB733A26C6C}.Debug|Any CPU.ActiveCfg = Debug|Any CPU
		{351FD751-7CD2-4EE0-80B9-0FB733A26C6C}.Debug|Any CPU.Build.0 = Debug|Any CPU
		{351FD751-7CD2-4EE0-80B9-0FB733A26C6C}.Release|Any CPU.ActiveCfg = Release|Any CPU
		{351FD751-7CD2-4EE0-80B9-0FB733A26C6C}.Release|Any CPU.Build.0 = Release|Any CPU
		{27B60C11-8DF9-491F-9428-E6DF948CA98C}.Debug|Any CPU.ActiveCfg = Debug|Any CPU
		{27B60C11-8DF9-491F-9428-E6DF948CA98C}.Debug|Any CPU.Build.0 = Debug|Any CPU
		{27B60C11-8DF9-491F-9428-E6DF948CA98C}.Release|Any CPU.ActiveCfg = Release|Any CPU
		{27B60C11-8DF9-491F-9428-E6DF948CA98C}.Release|Any CPU.Build.0 = Release|Any CPU
		{1A880C88-16CB-4C73-BAF1-794814CE136E}.Debug|Any CPU.ActiveCfg = Debug|Any CPU
		{1A880C88-16CB-4C73-BAF1-794814CE136E}.Debug|Any CPU.Build.0 = Debug|Any CPU
		{1A880C88-16CB-4C73-BAF1-794814CE136E}.Release|Any CPU.ActiveCfg = Release|Any CPU
		{1A880C88-16CB-4C73-BAF1-794814CE136E}.Release|Any CPU.Build.0 = Release|Any CPU
		{3BA8EFBB-4C18-4588-88DF-1706A0FAA649}.Debug|Any CPU.ActiveCfg = Debug|Any CPU
		{3BA8EFBB-4C18-4588-88DF-1706A0FAA649}.Debug|Any CPU.Build.0 = Debug|Any CPU
		{3BA8EFBB-4C18-4588-88DF-1706A0FAA649}.Release|Any CPU.ActiveCfg = Release|Any CPU
		{3BA8EFBB-4C18-4588-88DF-1706A0FAA649}.Release|Any CPU.Build.0 = Release|Any CPU
		{B7B75F86-F992-4298-9DB4-F2445D3FBF1F}.Debug|Any CPU.ActiveCfg = Debug|Any CPU
		{B7B75F86-F992-4298-9DB4-F2445D3FBF1F}.Debug|Any CPU.Build.0 = Debug|Any CPU
		{B7B75F86-F992-4298-9DB4-F2445D3FBF1F}.Release|Any CPU.ActiveCfg = Release|Any CPU
		{B7B75F86-F992-4298-9DB4-F2445D3FBF1F}.Release|Any CPU.Build.0 = Release|Any CPU
		{A6546C8D-31F0-4BB8-AA79-31A20489CB0B}.Debug|Any CPU.ActiveCfg = Debug|Any CPU
		{A6546C8D-31F0-4BB8-AA79-31A20489CB0B}.Debug|Any CPU.Build.0 = Debug|Any CPU
		{A6546C8D-31F0-4BB8-AA79-31A20489CB0B}.Release|Any CPU.ActiveCfg = Release|Any CPU
		{A6546C8D-31F0-4BB8-AA79-31A20489CB0B}.Release|Any CPU.Build.0 = Release|Any CPU
		{8AB135F3-1592-4D2D-89DE-B2AA057EDB8C}.Debug|Any CPU.ActiveCfg = Debug|Any CPU
		{8AB135F3-1592-4D2D-89DE-B2AA057EDB8C}.Debug|Any CPU.Build.0 = Debug|Any CPU
		{8AB135F3-1592-4D2D-89DE-B2AA057EDB8C}.Release|Any CPU.ActiveCfg = Release|Any CPU
		{8AB135F3-1592-4D2D-89DE-B2AA057EDB8C}.Release|Any CPU.Build.0 = Release|Any CPU
		{F60A5927-75EA-4868-978F-FC63BFCFD5BF}.Debug|Any CPU.ActiveCfg = Debug|Any CPU
		{F60A5927-75EA-4868-978F-FC63BFCFD5BF}.Debug|Any CPU.Build.0 = Debug|Any CPU
		{F60A5927-75EA-4868-978F-FC63BFCFD5BF}.Release|Any CPU.ActiveCfg = Release|Any CPU
		{F60A5927-75EA-4868-978F-FC63BFCFD5BF}.Release|Any CPU.Build.0 = Release|Any CPU
		{F05C14E2-7B3E-4B36-AB70-8524F3A9E3F6}.Debug|Any CPU.ActiveCfg = Debug|Any CPU
		{F05C14E2-7B3E-4B36-AB70-8524F3A9E3F6}.Debug|Any CPU.Build.0 = Debug|Any CPU
		{F05C14E2-7B3E-4B36-AB70-8524F3A9E3F6}.Release|Any CPU.ActiveCfg = Release|Any CPU
		{F05C14E2-7B3E-4B36-AB70-8524F3A9E3F6}.Release|Any CPU.Build.0 = Release|Any CPU
		{C16B2D4F-6546-4B44-948F-47457F9E4AF5}.Debug|Any CPU.ActiveCfg = Debug|Any CPU
		{C16B2D4F-6546-4B44-948F-47457F9E4AF5}.Debug|Any CPU.Build.0 = Debug|Any CPU
		{C16B2D4F-6546-4B44-948F-47457F9E4AF5}.Release|Any CPU.ActiveCfg = Release|Any CPU
		{C16B2D4F-6546-4B44-948F-47457F9E4AF5}.Release|Any CPU.Build.0 = Release|Any CPU
		{081578EE-A550-46E4-8D81-342CF5A7802B}.Debug|Any CPU.ActiveCfg = Debug|Any CPU
		{081578EE-A550-46E4-8D81-342CF5A7802B}.Debug|Any CPU.Build.0 = Debug|Any CPU
		{081578EE-A550-46E4-8D81-342CF5A7802B}.Release|Any CPU.ActiveCfg = Release|Any CPU
		{081578EE-A550-46E4-8D81-342CF5A7802B}.Release|Any CPU.Build.0 = Release|Any CPU
		{F3CF6F25-D606-4CAB-B7BC-CF7E2B8107A1}.Debug|Any CPU.ActiveCfg = Debug|Any CPU
		{F3CF6F25-D606-4CAB-B7BC-CF7E2B8107A1}.Debug|Any CPU.Build.0 = Debug|Any CPU
		{F3CF6F25-D606-4CAB-B7BC-CF7E2B8107A1}.Release|Any CPU.ActiveCfg = Release|Any CPU
		{F3CF6F25-D606-4CAB-B7BC-CF7E2B8107A1}.Release|Any CPU.Build.0 = Release|Any CPU
		{EA4663E3-954E-42C5-8BC0-64313F8F7B8A}.Debug|Any CPU.ActiveCfg = Debug|Any CPU
		{EA4663E3-954E-42C5-8BC0-64313F8F7B8A}.Debug|Any CPU.Build.0 = Debug|Any CPU
		{EA4663E3-954E-42C5-8BC0-64313F8F7B8A}.Release|Any CPU.ActiveCfg = Release|Any CPU
		{EA4663E3-954E-42C5-8BC0-64313F8F7B8A}.Release|Any CPU.Build.0 = Release|Any CPU
		{90F4A0C1-997A-4FB4-B584-2C14651C76E8}.Debug|Any CPU.ActiveCfg = Debug|Any CPU
		{90F4A0C1-997A-4FB4-B584-2C14651C76E8}.Debug|Any CPU.Build.0 = Debug|Any CPU
		{90F4A0C1-997A-4FB4-B584-2C14651C76E8}.Release|Any CPU.ActiveCfg = Release|Any CPU
		{90F4A0C1-997A-4FB4-B584-2C14651C76E8}.Release|Any CPU.Build.0 = Release|Any CPU
		{75073141-F157-4772-8AEA-3CE291C8C437}.Debug|Any CPU.ActiveCfg = Debug|Any CPU
		{75073141-F157-4772-8AEA-3CE291C8C437}.Debug|Any CPU.Build.0 = Debug|Any CPU
		{75073141-F157-4772-8AEA-3CE291C8C437}.Release|Any CPU.ActiveCfg = Release|Any CPU
		{75073141-F157-4772-8AEA-3CE291C8C437}.Release|Any CPU.Build.0 = Release|Any CPU
		{2899BDB6-E9AF-419F-8F1F-236A8420821A}.Debug|Any CPU.ActiveCfg = Debug|Any CPU
		{2899BDB6-E9AF-419F-8F1F-236A8420821A}.Debug|Any CPU.Build.0 = Debug|Any CPU
		{2899BDB6-E9AF-419F-8F1F-236A8420821A}.Release|Any CPU.ActiveCfg = Release|Any CPU
		{2899BDB6-E9AF-419F-8F1F-236A8420821A}.Release|Any CPU.Build.0 = Release|Any CPU
		{BFDD6FC5-E1C5-4A63-BD7A-BCCC638B92B8}.Debug|Any CPU.ActiveCfg = Debug|Any CPU
		{BFDD6FC5-E1C5-4A63-BD7A-BCCC638B92B8}.Debug|Any CPU.Build.0 = Debug|Any CPU
		{BFDD6FC5-E1C5-4A63-BD7A-BCCC638B92B8}.Release|Any CPU.ActiveCfg = Release|Any CPU
		{BFDD6FC5-E1C5-4A63-BD7A-BCCC638B92B8}.Release|Any CPU.Build.0 = Release|Any CPU
		{4563EF84-28C7-4EA0-AE65-AA866E77C9F8}.Debug|Any CPU.ActiveCfg = Debug|Any CPU
		{4563EF84-28C7-4EA0-AE65-AA866E77C9F8}.Debug|Any CPU.Build.0 = Debug|Any CPU
		{4563EF84-28C7-4EA0-AE65-AA866E77C9F8}.Release|Any CPU.ActiveCfg = Release|Any CPU
		{4563EF84-28C7-4EA0-AE65-AA866E77C9F8}.Release|Any CPU.Build.0 = Release|Any CPU
		{114C768E-6B06-4C9A-BD22-15648ED689CD}.Debug|Any CPU.ActiveCfg = Debug|Any CPU
		{114C768E-6B06-4C9A-BD22-15648ED689CD}.Debug|Any CPU.Build.0 = Debug|Any CPU
		{114C768E-6B06-4C9A-BD22-15648ED689CD}.Release|Any CPU.ActiveCfg = Release|Any CPU
		{114C768E-6B06-4C9A-BD22-15648ED689CD}.Release|Any CPU.Build.0 = Release|Any CPU
		{083786C2-8530-4DBD-9AB8-F2E76F13F0A7}.Debug|Any CPU.ActiveCfg = Debug|Any CPU
		{083786C2-8530-4DBD-9AB8-F2E76F13F0A7}.Debug|Any CPU.Build.0 = Debug|Any CPU
		{083786C2-8530-4DBD-9AB8-F2E76F13F0A7}.Release|Any CPU.ActiveCfg = Release|Any CPU
		{083786C2-8530-4DBD-9AB8-F2E76F13F0A7}.Release|Any CPU.Build.0 = Release|Any CPU
		{8AA692CF-AE04-4DA6-A62F-D68D5D8FCAD8}.Debug|Any CPU.ActiveCfg = Debug|Any CPU
		{8AA692CF-AE04-4DA6-A62F-D68D5D8FCAD8}.Debug|Any CPU.Build.0 = Debug|Any CPU
		{8AA692CF-AE04-4DA6-A62F-D68D5D8FCAD8}.Release|Any CPU.ActiveCfg = Release|Any CPU
		{8AA692CF-AE04-4DA6-A62F-D68D5D8FCAD8}.Release|Any CPU.Build.0 = Release|Any CPU
		{37A46D77-511C-4411-A925-350CE7F83962}.Debug|Any CPU.ActiveCfg = Debug|Any CPU
		{37A46D77-511C-4411-A925-350CE7F83962}.Debug|Any CPU.Build.0 = Debug|Any CPU
		{37A46D77-511C-4411-A925-350CE7F83962}.Release|Any CPU.ActiveCfg = Release|Any CPU
		{37A46D77-511C-4411-A925-350CE7F83962}.Release|Any CPU.Build.0 = Release|Any CPU
		{C8AFA988-DCB4-4D66-B887-74A98FAEE784}.Debug|Any CPU.ActiveCfg = Debug|Any CPU
		{C8AFA988-DCB4-4D66-B887-74A98FAEE784}.Debug|Any CPU.Build.0 = Debug|Any CPU
		{C8AFA988-DCB4-4D66-B887-74A98FAEE784}.Release|Any CPU.ActiveCfg = Release|Any CPU
		{C8AFA988-DCB4-4D66-B887-74A98FAEE784}.Release|Any CPU.Build.0 = Release|Any CPU
		{606E77DC-64BC-482A-8655-EB399AC5A129}.Debug|Any CPU.ActiveCfg = Debug|Any CPU
		{606E77DC-64BC-482A-8655-EB399AC5A129}.Debug|Any CPU.Build.0 = Debug|Any CPU
		{606E77DC-64BC-482A-8655-EB399AC5A129}.Release|Any CPU.ActiveCfg = Release|Any CPU
		{606E77DC-64BC-482A-8655-EB399AC5A129}.Release|Any CPU.Build.0 = Release|Any CPU
		{A9B21E57-5A0C-4146-8D4D-8CD620346F60}.Debug|Any CPU.ActiveCfg = Debug|Any CPU
		{A9B21E57-5A0C-4146-8D4D-8CD620346F60}.Debug|Any CPU.Build.0 = Debug|Any CPU
		{A9B21E57-5A0C-4146-8D4D-8CD620346F60}.Release|Any CPU.ActiveCfg = Release|Any CPU
		{A9B21E57-5A0C-4146-8D4D-8CD620346F60}.Release|Any CPU.Build.0 = Release|Any CPU
		{397F730D-63D0-4EC9-8F93-95884B761EEA}.Debug|Any CPU.ActiveCfg = Debug|Any CPU
		{397F730D-63D0-4EC9-8F93-95884B761EEA}.Debug|Any CPU.Build.0 = Debug|Any CPU
		{397F730D-63D0-4EC9-8F93-95884B761EEA}.Release|Any CPU.ActiveCfg = Release|Any CPU
		{397F730D-63D0-4EC9-8F93-95884B761EEA}.Release|Any CPU.Build.0 = Release|Any CPU
		{7E9B620F-C190-4118-855C-C8FFF2FE6F04}.Debug|Any CPU.ActiveCfg = Debug|Any CPU
		{7E9B620F-C190-4118-855C-C8FFF2FE6F04}.Debug|Any CPU.Build.0 = Debug|Any CPU
		{7E9B620F-C190-4118-855C-C8FFF2FE6F04}.Release|Any CPU.ActiveCfg = Release|Any CPU
		{7E9B620F-C190-4118-855C-C8FFF2FE6F04}.Release|Any CPU.Build.0 = Release|Any CPU
		{5430C421-F5B3-4C93-AFAB-72506D83E669}.Debug|Any CPU.ActiveCfg = Debug|Any CPU
		{5430C421-F5B3-4C93-AFAB-72506D83E669}.Debug|Any CPU.Build.0 = Debug|Any CPU
		{5430C421-F5B3-4C93-AFAB-72506D83E669}.Release|Any CPU.ActiveCfg = Release|Any CPU
		{5430C421-F5B3-4C93-AFAB-72506D83E669}.Release|Any CPU.Build.0 = Release|Any CPU
		{BCE6F8DE-819D-43B2-A5F8-7903AAC1DF04}.Debug|Any CPU.ActiveCfg = Debug|Any CPU
		{BCE6F8DE-819D-43B2-A5F8-7903AAC1DF04}.Debug|Any CPU.Build.0 = Debug|Any CPU
		{BCE6F8DE-819D-43B2-A5F8-7903AAC1DF04}.Release|Any CPU.ActiveCfg = Release|Any CPU
		{BCE6F8DE-819D-43B2-A5F8-7903AAC1DF04}.Release|Any CPU.Build.0 = Release|Any CPU
		{32089008-D7B1-4578-A04C-75F63AB2CB80}.Debug|Any CPU.ActiveCfg = Debug|Any CPU
		{32089008-D7B1-4578-A04C-75F63AB2CB80}.Debug|Any CPU.Build.0 = Debug|Any CPU
		{32089008-D7B1-4578-A04C-75F63AB2CB80}.Release|Any CPU.ActiveCfg = Release|Any CPU
		{32089008-D7B1-4578-A04C-75F63AB2CB80}.Release|Any CPU.Build.0 = Release|Any CPU
		{1BC7F48B-717B-4D74-8098-64EDCCEFA5D4}.Debug|Any CPU.ActiveCfg = Debug|Any CPU
		{1BC7F48B-717B-4D74-8098-64EDCCEFA5D4}.Debug|Any CPU.Build.0 = Debug|Any CPU
		{1BC7F48B-717B-4D74-8098-64EDCCEFA5D4}.Release|Any CPU.ActiveCfg = Release|Any CPU
		{1BC7F48B-717B-4D74-8098-64EDCCEFA5D4}.Release|Any CPU.Build.0 = Release|Any CPU
		{1FE794D6-C879-40EF-B21C-D76E47C9418D}.Debug|Any CPU.ActiveCfg = Debug|Any CPU
		{1FE794D6-C879-40EF-B21C-D76E47C9418D}.Debug|Any CPU.Build.0 = Debug|Any CPU
		{1FE794D6-C879-40EF-B21C-D76E47C9418D}.Release|Any CPU.ActiveCfg = Release|Any CPU
		{1FE794D6-C879-40EF-B21C-D76E47C9418D}.Release|Any CPU.Build.0 = Release|Any CPU
		{3B8AD85E-104D-4B56-8596-BFE3864B9334}.Debug|Any CPU.ActiveCfg = Debug|Any CPU
		{3B8AD85E-104D-4B56-8596-BFE3864B9334}.Debug|Any CPU.Build.0 = Debug|Any CPU
		{3B8AD85E-104D-4B56-8596-BFE3864B9334}.Release|Any CPU.ActiveCfg = Release|Any CPU
		{3B8AD85E-104D-4B56-8596-BFE3864B9334}.Release|Any CPU.Build.0 = Release|Any CPU
		{07DABE5E-D0B0-446D-A418-A57EDE6CA960}.Debug|Any CPU.ActiveCfg = Debug|Any CPU
		{07DABE5E-D0B0-446D-A418-A57EDE6CA960}.Debug|Any CPU.Build.0 = Debug|Any CPU
		{07DABE5E-D0B0-446D-A418-A57EDE6CA960}.Release|Any CPU.ActiveCfg = Release|Any CPU
		{07DABE5E-D0B0-446D-A418-A57EDE6CA960}.Release|Any CPU.Build.0 = Release|Any CPU
		{19FB9E59-5A86-4651-9269-4AC421DBBA4F}.Debug|Any CPU.ActiveCfg = Debug|Any CPU
		{19FB9E59-5A86-4651-9269-4AC421DBBA4F}.Debug|Any CPU.Build.0 = Debug|Any CPU
		{19FB9E59-5A86-4651-9269-4AC421DBBA4F}.Release|Any CPU.ActiveCfg = Release|Any CPU
		{19FB9E59-5A86-4651-9269-4AC421DBBA4F}.Release|Any CPU.Build.0 = Release|Any CPU
		{D5C279DD-5A23-4127-B11F-F6E351D99CEB}.Debug|Any CPU.ActiveCfg = Debug|Any CPU
		{D5C279DD-5A23-4127-B11F-F6E351D99CEB}.Debug|Any CPU.Build.0 = Debug|Any CPU
		{D5C279DD-5A23-4127-B11F-F6E351D99CEB}.Release|Any CPU.ActiveCfg = Release|Any CPU
		{D5C279DD-5A23-4127-B11F-F6E351D99CEB}.Release|Any CPU.Build.0 = Release|Any CPU
		{2F6182FF-FD7F-4F3F-ACB1-94D4FC5BA246}.Debug|Any CPU.ActiveCfg = Debug|Any CPU
		{2F6182FF-FD7F-4F3F-ACB1-94D4FC5BA246}.Debug|Any CPU.Build.0 = Debug|Any CPU
		{2F6182FF-FD7F-4F3F-ACB1-94D4FC5BA246}.Release|Any CPU.ActiveCfg = Release|Any CPU
		{2F6182FF-FD7F-4F3F-ACB1-94D4FC5BA246}.Release|Any CPU.Build.0 = Release|Any CPU
		{51687DC6-A178-4CAC-89E1-A920A8903336}.Debug|Any CPU.ActiveCfg = Debug|Any CPU
		{51687DC6-A178-4CAC-89E1-A920A8903336}.Debug|Any CPU.Build.0 = Debug|Any CPU
		{51687DC6-A178-4CAC-89E1-A920A8903336}.Release|Any CPU.ActiveCfg = Release|Any CPU
		{51687DC6-A178-4CAC-89E1-A920A8903336}.Release|Any CPU.Build.0 = Release|Any CPU
		{B7720590-B4E7-4590-AB33-D8A463260930}.Debug|Any CPU.ActiveCfg = Debug|Any CPU
		{B7720590-B4E7-4590-AB33-D8A463260930}.Debug|Any CPU.Build.0 = Debug|Any CPU
		{B7720590-B4E7-4590-AB33-D8A463260930}.Release|Any CPU.ActiveCfg = Release|Any CPU
		{B7720590-B4E7-4590-AB33-D8A463260930}.Release|Any CPU.Build.0 = Release|Any CPU
		{2FB6E78B-0840-4A11-BB8B-3872A7E36CA7}.Debug|Any CPU.ActiveCfg = Debug|Any CPU
		{2FB6E78B-0840-4A11-BB8B-3872A7E36CA7}.Debug|Any CPU.Build.0 = Debug|Any CPU
		{2FB6E78B-0840-4A11-BB8B-3872A7E36CA7}.Release|Any CPU.ActiveCfg = Release|Any CPU
		{2FB6E78B-0840-4A11-BB8B-3872A7E36CA7}.Release|Any CPU.Build.0 = Release|Any CPU
		{EB9FBAC6-448D-4E42-9075-642AEB0201B0}.Debug|Any CPU.ActiveCfg = Debug|Any CPU
		{EB9FBAC6-448D-4E42-9075-642AEB0201B0}.Debug|Any CPU.Build.0 = Debug|Any CPU
		{EB9FBAC6-448D-4E42-9075-642AEB0201B0}.Release|Any CPU.ActiveCfg = Release|Any CPU
		{EB9FBAC6-448D-4E42-9075-642AEB0201B0}.Release|Any CPU.Build.0 = Release|Any CPU
		{F8B0768F-A09C-458E-B647-5308DCE0DF90}.Debug|Any CPU.ActiveCfg = Debug|Any CPU
		{F8B0768F-A09C-458E-B647-5308DCE0DF90}.Debug|Any CPU.Build.0 = Debug|Any CPU
		{F8B0768F-A09C-458E-B647-5308DCE0DF90}.Release|Any CPU.ActiveCfg = Release|Any CPU
		{F8B0768F-A09C-458E-B647-5308DCE0DF90}.Release|Any CPU.Build.0 = Release|Any CPU
		{067BAA7C-0ACA-47C3-A46B-2FE877DF4BB1}.Debug|Any CPU.ActiveCfg = Debug|Any CPU
		{067BAA7C-0ACA-47C3-A46B-2FE877DF4BB1}.Debug|Any CPU.Build.0 = Debug|Any CPU
		{067BAA7C-0ACA-47C3-A46B-2FE877DF4BB1}.Release|Any CPU.ActiveCfg = Release|Any CPU
		{067BAA7C-0ACA-47C3-A46B-2FE877DF4BB1}.Release|Any CPU.Build.0 = Release|Any CPU
		{8160D38E-F579-49D8-B4B2-9E113CAFD061}.Debug|Any CPU.ActiveCfg = Debug|Any CPU
		{8160D38E-F579-49D8-B4B2-9E113CAFD061}.Debug|Any CPU.Build.0 = Debug|Any CPU
		{8160D38E-F579-49D8-B4B2-9E113CAFD061}.Release|Any CPU.ActiveCfg = Release|Any CPU
		{8160D38E-F579-49D8-B4B2-9E113CAFD061}.Release|Any CPU.Build.0 = Release|Any CPU
		{1A9D9C07-ABD6-4592-AC6B-57D2BD3A8E98}.Debug|Any CPU.ActiveCfg = Debug|Any CPU
		{1A9D9C07-ABD6-4592-AC6B-57D2BD3A8E98}.Debug|Any CPU.Build.0 = Debug|Any CPU
		{1A9D9C07-ABD6-4592-AC6B-57D2BD3A8E98}.Release|Any CPU.ActiveCfg = Release|Any CPU
		{1A9D9C07-ABD6-4592-AC6B-57D2BD3A8E98}.Release|Any CPU.Build.0 = Release|Any CPU
		{F5827ED1-3CD5-412D-9A01-1AD3E0E7F7C8}.Debug|Any CPU.ActiveCfg = Debug|Any CPU
		{F5827ED1-3CD5-412D-9A01-1AD3E0E7F7C8}.Debug|Any CPU.Build.0 = Debug|Any CPU
		{F5827ED1-3CD5-412D-9A01-1AD3E0E7F7C8}.Release|Any CPU.ActiveCfg = Release|Any CPU
		{F5827ED1-3CD5-412D-9A01-1AD3E0E7F7C8}.Release|Any CPU.Build.0 = Release|Any CPU
		{F15A2594-56AD-44B4-BDB5-A09A49D567E1}.Debug|Any CPU.ActiveCfg = Debug|Any CPU
		{F15A2594-56AD-44B4-BDB5-A09A49D567E1}.Debug|Any CPU.Build.0 = Debug|Any CPU
		{F15A2594-56AD-44B4-BDB5-A09A49D567E1}.Release|Any CPU.ActiveCfg = Release|Any CPU
		{F15A2594-56AD-44B4-BDB5-A09A49D567E1}.Release|Any CPU.Build.0 = Release|Any CPU
		{60A8C5C6-8178-4993-BD67-0C275F7204CE}.Debug|Any CPU.ActiveCfg = Debug|Any CPU
		{60A8C5C6-8178-4993-BD67-0C275F7204CE}.Debug|Any CPU.Build.0 = Debug|Any CPU
		{60A8C5C6-8178-4993-BD67-0C275F7204CE}.Release|Any CPU.ActiveCfg = Release|Any CPU
		{60A8C5C6-8178-4993-BD67-0C275F7204CE}.Release|Any CPU.Build.0 = Release|Any CPU
		{8330A48D-6825-462D-83E0-F773EFA4542A}.Debug|Any CPU.ActiveCfg = Debug|Any CPU
		{8330A48D-6825-462D-83E0-F773EFA4542A}.Debug|Any CPU.Build.0 = Debug|Any CPU
		{8330A48D-6825-462D-83E0-F773EFA4542A}.Release|Any CPU.ActiveCfg = Release|Any CPU
		{8330A48D-6825-462D-83E0-F773EFA4542A}.Release|Any CPU.Build.0 = Release|Any CPU
		{D8FFA259-AA61-46D5-850D-8AC1A1967CC5}.Debug|Any CPU.ActiveCfg = Debug|Any CPU
		{D8FFA259-AA61-46D5-850D-8AC1A1967CC5}.Debug|Any CPU.Build.0 = Debug|Any CPU
		{D8FFA259-AA61-46D5-850D-8AC1A1967CC5}.Release|Any CPU.ActiveCfg = Release|Any CPU
		{D8FFA259-AA61-46D5-850D-8AC1A1967CC5}.Release|Any CPU.Build.0 = Release|Any CPU
		{54FD4156-E9CE-4F70-927C-751B2838B4C7}.Debug|Any CPU.ActiveCfg = Debug|Any CPU
		{54FD4156-E9CE-4F70-927C-751B2838B4C7}.Debug|Any CPU.Build.0 = Debug|Any CPU
		{54FD4156-E9CE-4F70-927C-751B2838B4C7}.Release|Any CPU.ActiveCfg = Release|Any CPU
		{54FD4156-E9CE-4F70-927C-751B2838B4C7}.Release|Any CPU.Build.0 = Release|Any CPU
		{CB015AC4-2EDA-42F8-94BC-EFCB821D0657}.Debug|Any CPU.ActiveCfg = Debug|Any CPU
		{CB015AC4-2EDA-42F8-94BC-EFCB821D0657}.Debug|Any CPU.Build.0 = Debug|Any CPU
		{CB015AC4-2EDA-42F8-94BC-EFCB821D0657}.Release|Any CPU.ActiveCfg = Release|Any CPU
		{CB015AC4-2EDA-42F8-94BC-EFCB821D0657}.Release|Any CPU.Build.0 = Release|Any CPU
		{9123B2A7-2371-4760-929A-FFB675B13686}.Debug|Any CPU.ActiveCfg = Debug|Any CPU
		{9123B2A7-2371-4760-929A-FFB675B13686}.Debug|Any CPU.Build.0 = Debug|Any CPU
		{9123B2A7-2371-4760-929A-FFB675B13686}.Release|Any CPU.ActiveCfg = Release|Any CPU
		{9123B2A7-2371-4760-929A-FFB675B13686}.Release|Any CPU.Build.0 = Release|Any CPU
		{00F153AC-D9F7-486A-B4DF-6940CEAD0021}.Debug|Any CPU.ActiveCfg = Debug|Any CPU
		{00F153AC-D9F7-486A-B4DF-6940CEAD0021}.Debug|Any CPU.Build.0 = Debug|Any CPU
		{00F153AC-D9F7-486A-B4DF-6940CEAD0021}.Release|Any CPU.ActiveCfg = Release|Any CPU
		{00F153AC-D9F7-486A-B4DF-6940CEAD0021}.Release|Any CPU.Build.0 = Release|Any CPU
		{79F42B58-3C8B-4EB3-8C42-C989146A3FEC}.Debug|Any CPU.ActiveCfg = Debug|Any CPU
		{79F42B58-3C8B-4EB3-8C42-C989146A3FEC}.Debug|Any CPU.Build.0 = Debug|Any CPU
		{79F42B58-3C8B-4EB3-8C42-C989146A3FEC}.Release|Any CPU.ActiveCfg = Release|Any CPU
		{79F42B58-3C8B-4EB3-8C42-C989146A3FEC}.Release|Any CPU.Build.0 = Release|Any CPU
		{B4535C34-E340-43AE-9E4B-6EC2DBED66EB}.Debug|Any CPU.ActiveCfg = Debug|Any CPU
		{B4535C34-E340-43AE-9E4B-6EC2DBED66EB}.Debug|Any CPU.Build.0 = Debug|Any CPU
		{B4535C34-E340-43AE-9E4B-6EC2DBED66EB}.Release|Any CPU.ActiveCfg = Release|Any CPU
		{B4535C34-E340-43AE-9E4B-6EC2DBED66EB}.Release|Any CPU.Build.0 = Release|Any CPU
		{E2F784C3-6474-4B23-B195-56942F0EF725}.Debug|Any CPU.ActiveCfg = Debug|Any CPU
		{E2F784C3-6474-4B23-B195-56942F0EF725}.Debug|Any CPU.Build.0 = Debug|Any CPU
		{E2F784C3-6474-4B23-B195-56942F0EF725}.Release|Any CPU.ActiveCfg = Release|Any CPU
		{E2F784C3-6474-4B23-B195-56942F0EF725}.Release|Any CPU.Build.0 = Release|Any CPU
		{563C0C36-A3B6-4CC1-9C29-889F6E6FA269}.Debug|Any CPU.ActiveCfg = Debug|Any CPU
		{563C0C36-A3B6-4CC1-9C29-889F6E6FA269}.Debug|Any CPU.Build.0 = Debug|Any CPU
		{563C0C36-A3B6-4CC1-9C29-889F6E6FA269}.Release|Any CPU.ActiveCfg = Release|Any CPU
		{563C0C36-A3B6-4CC1-9C29-889F6E6FA269}.Release|Any CPU.Build.0 = Release|Any CPU
		{16140439-650B-4B89-A7C9-C5934A60CF21}.Debug|Any CPU.ActiveCfg = Debug|Any CPU
		{16140439-650B-4B89-A7C9-C5934A60CF21}.Debug|Any CPU.Build.0 = Debug|Any CPU
		{16140439-650B-4B89-A7C9-C5934A60CF21}.Release|Any CPU.ActiveCfg = Release|Any CPU
		{16140439-650B-4B89-A7C9-C5934A60CF21}.Release|Any CPU.Build.0 = Release|Any CPU
		{6DCC3878-1A2C-48F9-90EB-703AC0F12CA9}.Debug|Any CPU.ActiveCfg = Debug|Any CPU
		{6DCC3878-1A2C-48F9-90EB-703AC0F12CA9}.Debug|Any CPU.Build.0 = Debug|Any CPU
		{6DCC3878-1A2C-48F9-90EB-703AC0F12CA9}.Release|Any CPU.ActiveCfg = Release|Any CPU
		{6DCC3878-1A2C-48F9-90EB-703AC0F12CA9}.Release|Any CPU.Build.0 = Release|Any CPU
	EndGlobalSection
	GlobalSection(SolutionProperties) = preSolution
		HideSolutionNode = FALSE
	EndGlobalSection
	GlobalSection(ExtensibilityGlobals) = postSolution
		SolutionGuid = {33DCD8B8-6C7F-453A-AAD9-077825F5982A}
	EndGlobalSection
EndGlobal
